
Microsoft Visual Studio Solution File, Format Version 12.00
# Visual Studio Version 16
VisualStudioVersion = 16.0.29230.47
MinimumVisualStudioVersion = 10.0.40219.1
Project("{FAE04EC0-301F-11D3-BF4B-00C04F79EFBC}") = "webAPI22", "webAPI22\webAPI22.csproj", "{18ED2B94-534C-4EBB-AC17-27CBD29E9439}"
EndProject
Global
	GlobalSection(SolutionConfigurationPlatforms) = preSolution
		Debug|Any CPU = Debug|Any CPU
		Release|Any CPU = Release|Any CPU
	EndGlobalSection
	GlobalSection(ProjectConfigurationPlatforms) = postSolution
		{18ED2B94-534C-4EBB-AC17-27CBD29E9439}.Debug|Any CPU.ActiveCfg = Debug|Any CPU
		{18ED2B94-534C-4EBB-AC17-27CBD29E9439}.Debug|Any CPU.Build.0 = Debug|Any CPU
		{18ED2B94-534C-4EBB-AC17-27CBD29E9439}.Release|Any CPU.ActiveCfg = Release|Any CPU
		{18ED2B94-534C-4EBB-AC17-27CBD29E9439}.Release|Any CPU.Build.0 = Release|Any CPU
	EndGlobalSection
	GlobalSection(SolutionProperties) = preSolution
		HideSolutionNode = FALSE
	EndGlobalSection
	GlobalSection(ExtensibilityGlobals) = postSolution
		SolutionGuid = {2F3B339F-CE49-4984-8A4B-DC68540B8376}
	EndGlobalSection
EndGlobal
